<?xml version="1.0" encoding="UTF-8" standalone="yes" ?>
<CodeBlocks_project_file>
	<FileVersion major="1" minor="6" />
	<Project>
		<Option title="Astral" />
		<Option pch_mode="2" />
		<Option compiler="gcc" />
		<Build>
			<Target title="Debug">
				<Option output="external/OgreSDK_MinGW_v1-8-1/bin/debug/Astral" prefix_auto="1" extension_auto="1" />
				<Option working_dir="external/OgreSDK_MinGW_v1-8-1/bin/debug/" />
				<Option object_output="obj/Debug/" />
				<Option type="1" />
				<Option compiler="gcc" />
				<Compiler>
					<Add option="-g" />
					<Add option="-D_DEBUG" />
				</Compiler>
				<Linker>
					<Add library="libOgreMain_d" />
					<Add library="libOIS_d" />
					<Add library="libboost_chrono-mgw47-mt-d-1_51" />
					<Add library="libboost_date_time-mgw47-mt-d-1_51" />
					<Add library="libboost_system-mgw47-mt-d-1_51" />
					<Add library="libboost_thread-mgw47-mt-d-1_51" />
					<Add library="CEGUIBase_d" />
					<Add library="CEGUIOgreRenderer_d" />
				</Linker>
			</Target>
			<Target title="Release">
				<Option output="external/OgreSDK_MinGW_v1-8-1/bin/release/Astral" prefix_auto="1" extension_auto="1" />
				<Option working_dir="external/OgreSDK_MinGW_v1-8-1/bin/release" />
				<Option object_output="obj/Release/" />
				<Option type="1" />
				<Option compiler="gcc" />
				<Compiler>
					<Add option="-O2" />
					<Add option="-DNDEBUG" />
				</Compiler>
				<Linker>
					<Add option="-s" />
					<Add library="libOgreMain" />
					<Add library="libOIS" />
					<Add library="libboost_chrono-mgw47-mt-1_51" />
					<Add library="libboost_date_time-mgw47-mt-1_51" />
					<Add library="libboost_system-mgw47-mt-1_51" />
					<Add library="libboost_thread-mgw47-mt-1_51" />
					<Add library="CEGUIBase" />
					<Add library="CEGUIOgreRenderer" />
				</Linker>
			</Target>
			<Environment>
				<Variable name="BULLET_HOME" value="D:\Documents\Astral\external\bullet-2.81-rev2613" />
				<Variable name="OGREBULLET_HOME" value="D:\Documents\Astral\external\ogrebullet" />
				<Variable name="OGRE_HOME" value="D:\Documents\Astral\external\OgreSDK_MinGW_v1-8-1" />
			</Environment>
		</Build>
		<Compiler>
			<Add option="-Wall" />
			<Add option="-fexceptions" />
			<Add option="-mthreads" />
			<Add option="-fmessage-length=0" />
			<Add option="-fident" />
			<Add option="-DWIN32" />
			<Add option="-D_WINDOWS" />
			<Add directory="$(OGRE_HOME)/include" />
			<Add directory="$(OGRE_HOME)/include/OGRE" />
			<Add directory="$(OGRE_HOME)/include/OIS" />
			<Add directory="$(OGRE_HOME)/boost" />
			<Add directory="include" />
			<Add directory="D:/Documents/Astral/" />
			<Add directory="$(BULLET_HOME)/src" />
			<Add directory="$(OGREBULLET_HOME)/Collisions/include" />
			<Add directory="$(OGREBULLET_HOME)/Dynamics/include" />
			<Add directory="external/Ogre_Bullet_Util" />
			<Add directory="external/CEGUI-0.7.9/cegui/include" />
		</Compiler>
		<Linker>
			<Add option="-Wl,--enable-auto-image-base" />
			<Add option="-Wl,--add-stdcall-alias" />
			<Add option="-Wl,--enable-auto-import" />
			<Add library="libBulletDynamics" />
			<Add library="libBulletCollision" />
			<Add library="libLinearMath" />
			<Add directory="$(OGRE_HOME)/bin/$(TARGET_NAME)" />
			<Add directory="$(OGRE_HOME)/boost/lib" />
			<Add directory="$(BULLET_HOME)/lib" />
			<Add directory="external/CEGUI-0.7.9/bin" />
		</Linker>
		<Unit filename="external/Ogre_Bullet_Util/DebugDraw.cpp" />
		<Unit filename="external/Ogre_Bullet_Util/DynamicLineDrawer.cpp" />
		<Unit filename="external/simplexnoise/simplexnoise.cpp" />
		<Unit filename="external/simplexnoise/simplexnoise.h" />
		<Unit filename="include/BaseApplication.h" />
		<Unit filename="include/ChunkManager.h" />
		<Unit filename="include/Configuration.h" />
		<Unit filename="include/Game.h" />
		<Unit filename="include/Landscape.h" />
		<Unit filename="include/OgreMotionState.h" />
		<Unit filename="include/Player.h" />
		<Unit filename="include/Utils/OgreBulletConverter.h" />
		<Unit filename="src/BaseApplication.cpp" />
		<Unit filename="src/ChunkManager.cpp" />
		<Unit filename="src/Game.cpp" />
		<Unit filename="src/Landscape.cpp" />
		<Unit filename="src/OgreMotionState.cpp" />
		<Unit filename="src/Player.cpp" />
		<Extensions>
			<code_completion />
			<envvars />
			<debugger />
			<lib_finder disable_auto="1" />
			<DoxyBlocks>
				<comment_style block="0" line="0" />
				<doxyfile_project />
				<doxyfile_build />
				<doxyfile_warnings />
				<doxyfile_output />
				<doxyfile_dot />
				<general />
			</DoxyBlocks>
		</Extensions>
	</Project>
</CodeBlocks_project_file>
